
Microsoft Visual Studio Solution File, Format Version 12.00
# Visual Studio Version 17
VisualStudioVersion = 17.9.34728.123
MinimumVisualStudioVersion = 10.0.40219.1
Project("{54A90642-561A-4BB1-A94E-469ADEE60C69}") = "rentalio2.0.client", "rentalio2.0.client\rentalio2.0.client.esproj", "{AD46788D-E1AA-4D67-8DBE-365B992CE96C}"
EndProject
Global
	GlobalSection(SolutionConfigurationPlatforms) = preSolution
		Debug|Any CPU = Debug|Any CPU
		Release|Any CPU = Release|Any CPU
	EndGlobalSection
	GlobalSection(ProjectConfigurationPlatforms) = postSolution
		{AD46788D-E1AA-4D67-8DBE-365B992CE96C}.Debug|Any CPU.ActiveCfg = Debug|Any CPU
		{AD46788D-E1AA-4D67-8DBE-365B992CE96C}.Debug|Any CPU.Build.0 = Debug|Any CPU
		{AD46788D-E1AA-4D67-8DBE-365B992CE96C}.Debug|Any CPU.Deploy.0 = Debug|Any CPU
		{AD46788D-E1AA-4D67-8DBE-365B992CE96C}.Release|Any CPU.ActiveCfg = Release|Any CPU
		{AD46788D-E1AA-4D67-8DBE-365B992CE96C}.Release|Any CPU.Build.0 = Release|Any CPU
		{AD46788D-E1AA-4D67-8DBE-365B992CE96C}.Release|Any CPU.Deploy.0 = Release|Any CPU
	EndGlobalSection
	GlobalSection(SolutionProperties) = preSolution
		HideSolutionNode = FALSE
	EndGlobalSection
	GlobalSection(ExtensibilityGlobals) = postSolution
		SolutionGuid = {0B159819-38BE-4093-8493-010260B41335}
	EndGlobalSection
EndGlobal
